lockfileVersion: '6.0'

settings:
  autoInstallPeers: true
  excludeLinksFromLockfile: false

onlyBuiltDependencies:
  - '*'

importers:

  .:
    dependencies:
      '@backend/mylib':
        specifier: workspace:*
        version: link:backend/mylib
      uuid:
        specifier: ^11.1.0
        version: 11.1.0
    devDependencies:
      '@tsconfig/node16-strictest':
        specifier: 1.0.4
        version: 1.0.4
      '@types/node':
        specifier: 18.11.9
        version: 18.11.9
      typescript:
        specifier: 4.9.3
        version: 4.9.3

  backend/myapp: {}

  backend/mylib: {}

  backend/tsapp: {}

packages:

  /@tsconfig/node16-strictest@1.0.4:
    resolution: {integrity: sha512-kp6/DuAoKzHVv5U+p0uOesYbjrEvrYVNdQMl163a+yXXUv9twabvkCGEn3pmVxKXB45JU5MPGolDDWnONZL5ZQ==}
    deprecated: TypeScript 5.0 supports combining TSConfigs using array syntax in extends
    dev: true

  /@types/node@18.11.9:
    resolution: {integrity: sha512-CRpX21/kGdzjOpFsZSkcrXMGIBWMGNIHXXBVFSH+ggkftxg+XYP20TESbh+zFvFj3EQOl5byk0HTRn1IL6hbqg==}
    dev: true

  /typescript@4.9.3:
    resolution: {integrity: sha512-CIfGzTelbKNEnLpLdGFgdyKhG23CKdKgQPOBc+OUNrkJ2vr+KSzsSV5kq5iWhEQbok+quxgGzrAtGWCyU7tHnA==}
    engines: {node: '>=4.2.0'}
    hasBin: true
    dev: true

  /uuid@11.1.0:
    resolution: {integrity: sha512-0/A9rDy9P7cJ+8w1c9WD9V//9Wj15Ce2MPz8Ri6032usz+NfePxx5AcN3bN+r6ZL6jEo066/yNYB3tn4pQEx+A==}
    hasBin: true
    dev: false
